// !$*UTF8*$!
{
	archiveVersion = 1;
	classes = {
	};
	objectVersion = 46;
	objects = {

/* Begin PBXBuildFile section */
		751EF2AC1B28BC6E009372F7 /* main.cpp in Sources */ = {isa = PBXBuildFile; fileRef = 751EF2AB1B28BC6E009372F7 /* main.cpp */; };
/* End PBXBuildFile section */

/* Begin PBXCopyFilesBuildPhase section */
		751EF2A61B28BC6E009372F7 /* CopyFiles */ = {
			isa = PBXCopyFilesBuildPhase;
			buildActionMask = 2147483647;
			dstPath = /usr/share/man/man1/;
			dstSubfolderSpec = 0;
			files = (
			);
			runOnlyForDeploymentPostprocessing = 1;
		};
/* End PBXCopyFilesBuildPhase section */

/* Begin PBXFileReference section */
		751EF2A81B28BC6E009372F7 /* peace-be-with-you */ = {isa = PBXFileReference; explicitFileType = "compiled.mach-o.executable"; includeInIndex = 0; path = "peace-be-with-you"; sourceTree = BUILT_PRODUCTS_DIR; };
		751EF2AB1B28BC6E009372F7 /* main.cpp */ = {isa = PBXFileReference; lastKnownFileType = sourcecode.cpp.cpp; path = main.cpp; sourceTree = "<group>"; };
/* End PBXFileReference section */

/* Begin PBXFrameworksBuildPhase section */
		751EF2A51B28BC6E009372F7 /* Frameworks */ = {
			isa = PBXFrameworksBuildPhase;
			buildActionMask = 2147483647;
			files = (
			);
			runOnlyForDeploymentPostprocessing = 0;
		};
/* End PBXFrameworksBuildPhase section */

/* Begin PBXGroup section */
		751EF29F1B28BC6E009372F7 = {
			isa = PBXGroup;
			children = (
				751EF2AA1B28BC6E009372F7 /* peace-be-with-you */,
				751EF2A91B28BC6E009372F7 /* Products */,
			);
			sourceTree = "<group>";
		};
		751EF2A91B28BC6E009372F7 /* Products */ = {
			isa = PBXGroup;
			children = (
				751EF2A81B28BC6E009372F7 /* peace-be-with-you */,
			);
			name = Products;
			sourceTree = "<group>";
		};
		751EF2AA1B28BC6E009372F7 /* peace-be-with-you */ = {
			isa = PBXGroup;
			children = (
				751EF2AB1B28BC6E009372F7 /* main.cpp */,
			);
			path = "peace-be-with-you";
			sourceTree = "<group>";
		};
/* End PBXGroup section */

/* Begin PBXNativeTarget section */
		751EF2A71B28BC6E009372F7 /* peace-be-with-you */ = {
			isa = PBXNativeTarget;
			buildConfigurationList = 751EF2AF1B28BC6E009372F7 /* Build configuration list for PBXNativeTarget "peace-be-with-you" */;
			buildPhases = (
				751EF2A41B28BC6E009372F7 /* Sources */,
				751EF2A51B28BC6E009372F7 /* Frameworks */,
				751EF2A61B28BC6E009372F7 /* CopyFiles */,
			);
			buildRules = (
			);
			dependencies = (
			);
			name = "peace-be-with-you";
			productName = "peace-be-with-you";
			productReference = 751EF2A81B28BC6E009372F7 /* peace-be-with-you */;
			productType = "com.apple.product-type.tool";
		};
/* End PBXNativeTarget section */

/* Begin PBXProject section */
		751EF2A01B28BC6E009372F7 /* Project object */ = {
			isa = PBXProject;
			attributes = {
				LastUpgradeCheck = 0610;
				ORGANIZATIONNAME = Jank;
				TargetAttributes = {
					751EF2A71B28BC6E009372F7 = {
						CreatedOnToolsVersion = 6.1.1;
					};
				};
			};
			buildConfigurationList = 751EF2A31B28BC6E009372F7 /* Build configuration list for PBXProject "peace-be-with-you" */;
			compatibilityVersion = "Xcode 3.2";
			developmentRegion = English;
			hasScannedForEncodings = 0;
			knownRegions = (
				en,
			);
			mainGroup = 751EF29F1B28BC6E009372F7;
			productRefGroup = 751EF2A91B28BC6E009372F7 /* Products */;
			projectDirPath = "";
			projectRoot = "";
			targets = (
				751EF2A71B28BC6E009372F7 /* peace-be-with-you */,
			);
		};
/* End PBXProject section */

/* Begin PBXSourcesBuildPhase section */
		751EF2A41B28BC6E009372F7 /* Sources */ = {
			isa = PBXSourcesBuildPhase;
			buildActionMask = 2147483647;
			files = (
				751EF2AC1B28BC6E009372F7 /* main.cpp in Sources */,
			);
			runOnlyForDeploymentPostprocessing = 0;
		};
/* End PBXSourcesBuildPhase section */

/* Begin XCBuildConfiguration section */
		751EF2AD1B28BC6E009372F7 /* Debug */ = {
			isa = XCBuildConfiguration;
			buildSettings = {
				ALWAYS_SEARCH_USER_PATHS = NO;
				CLANG_CXX_LANGUAGE_STANDARD = "gnu++0x";
				CLANG_CXX_LIBRARY = "libc++";
				CLANG_ENABLE_MODULES = YES;
				CLANG_ENABLE_OBJC_ARC = YES;
				CLANG_WARN_BOOL_CONVERSION = YES;
				CLANG_WARN_CONSTANT_CONVERSION = YES;
				CLANG_WARN_DIRECT_OBJC_ISA_USAGE = YES_ERROR;
				CLANG_WARN_EMPTY_BODY = YES;
				CLANG_WARN_ENUM_CONVERSION = YES;
				CLANG_WARN_INT_CONVERSION = YES;
				CLANG_WARN_OBJC_ROOT_CLASS = YES_ERROR;
				CLANG_WARN_UNREACHABLE_CODE = YES;
				CLANG_WARN__DUPLICATE_METHOD_MATCH = YES;
				COPY_PHASE_STRIP = NO;
				ENABLE_STRICT_OBJC_MSGSEND = YES;
				GCC_C_LANGUAGE_STANDARD = gnu99;
				GCC_DYNAMIC_NO_PIC = NO;
				GCC_OPTIMIZATION_LEVEL = 0;
				GCC_PREPROCESSOR_DEFINITIONS = (
					"DEBUG=1",
					"$(inherited)",
				);
				GCC_SYMBOLS_PRIVATE_EXTERN = NO;
				GCC_WARN_64_TO_32_BIT_CONVERSION = YES;
				GCC_WARN_ABOUT_RETURN_TYPE = YES_ERROR;
				GCC_WARN_UNDECLARED_SELECTOR = YES;
				GCC_WARN_UNINITIALIZED_AUTOS = YES_AGGRESSIVE;
				GCC_WARN_UNUSED_FUNCTION = YES;
				GCC_WARN_UNUSED_VARIABLE = YES;
				MACOSX_DEPLOYMENT_TARGET = 10.10;
				MTL_ENABLE_DEBUG_INFO = YES;
				ONLY_ACTIVE_ARCH = YES;
				SDKROOT = macosx;
			};
			name = Debug;
		};
		751EF2AE1B28BC6E009372F7 /* Release */ = {
			isa = XCBuildConfiguration;
			buildSettings = {
				ALWAYS_SEARCH_USER_PATHS = NO;
				CLANG_CXX_LANGUAGE_STANDARD = "gnu++0x";
				CLANG_CXX_LIBRARY = "libc++";
				CLANG_ENABLE_MODULES = YES;
				CLANG_ENABLE_OBJC_ARC = YES;
				CLANG_WARN_BOOL_CONVERSION = YES;
				CLANG_WARN_CONSTANT_CONVERSION = YES;
				CLANG_WARN_DIRECT_OBJC_ISA_USAGE = YES_ERROR;
				CLANG_WARN_EMPTY_BODY = YES;
				CLANG_WARN_ENUM_CONVERSION = YES;
				CLANG_WARN_INT_CONVERSION = YES;
				CLANG_WARN_OBJC_ROOT_CLASS = YES_ERROR;
				CLANG_WARN_UNREACHABLE_CODE = YES;
				CLANG_WARN__DUPLICATE_METHOD_MATCH = YES;
				COPY_PHASE_STRIP = YES;
				DEBUG_INFORMATION_FORMAT = "dwarf-with-dsym";
				ENABLE_NS_ASSERTIONS = NO;
				ENABLE_STRICT_OBJC_MSGSEND = YES;
				GCC_C_LANGUAGE_STANDARD = gnu99;
				GCC_WARN_64_TO_32_BIT_CONVERSION = YES;
				GCC_WARN_ABOUT_RETURN_TYPE = YES_ERROR;
				GCC_WARN_UNDECLARED_SELECTOR = YES;
				GCC_WARN_UNINITIALIZED_AUTOS = YES_AGGRESSIVE;
				GCC_WARN_UNUSED_FUNCTION = YES;
				GCC_WARN_UNUSED_VARIABLE = YES;
				MACOSX_DEPLOYMENT_TARGET = 10.10;
				MTL_ENABLE_DEBUG_INFO = NO;
				SDKROOT = macosx;
			};
			name = Release;
		};
		751EF2B01B28BC6E009372F7 /* Debug */ = {
			isa = XCBuildConfiguration;
			buildSettings = {
				PRODUCT_NAME = "$(TARGET_NAME)";
			};
			name = Debug;
		};
		751EF2B11B28BC6E009372F7 /* Release */ = {
			isa = XCBuildConfiguration;
			buildSettings = {
				PRODUCT_NAME = "$(TARGET_NAME)";
			};
			name = Release;
		};
/* End XCBuildConfiguration section */

/* Begin XCConfigurationList section */
		751EF2A31B28BC6E009372F7 /* Build configuration list for PBXProject "peace-be-with-you" */ = {
			isa = XCConfigurationList;
			buildConfigurations = (
				751EF2AD1B28BC6E009372F7 /* Debug */,
				751EF2AE1B28BC6E009372F7 /* Release */,
			);
			defaultConfigurationIsVisible = 0;
			defaultConfigurationName = Release;
		};
		751EF2AF1B28BC6E009372F7 /* Build configuration list for PBXNativeTarget "peace-be-with-you" */ = {
			isa = XCConfigurationList;
			buildConfigurations = (
				751EF2B01B28BC6E009372F7 /* Debug */,
				751EF2B11B28BC6E009372F7 /* Release */,
			);
			defaultConfigurationIsVisible = 0;
		};
/* End XCConfigurationList section */
	};
	rootObject = 751EF2A01B28BC6E009372F7 /* Project object */;
}
